// !$*UTF8*$!
{
	archiveVersion = 1;
	classes = {
	};
	objectVersion = 46;
	objects = {

/* Begin PBXBuildFile section */
		320735511C597591005D083C /* ResultHandler.swift in Sources */ = {isa = PBXBuildFile; fileRef = 320735501C597591005D083C /* ResultHandler.swift */; };
		32193C601C7754580029C789 /* StudyIDViewController.swift in Sources */ = {isa = PBXBuildFile; fileRef = 32193C5F1C7754580029C789 /* StudyIDViewController.swift */; };
		32193C641C7754740029C789 /* PasscodeViewController.swift in Sources */ = {isa = PBXBuildFile; fileRef = 32193C631C7754740029C789 /* PasscodeViewController.swift */; };
		3233BEFB1C74BB1A00C1B0F6 /* Onboarding.storyboard in Resources */ = {isa = PBXBuildFile; fileRef = 3233BEFA1C74BB1A00C1B0F6 /* Onboarding.storyboard */; };
		3253D3FF1C5BD2D100B5CF0B /* ss-gizmo.otf in Resources */ = {isa = PBXBuildFile; fileRef = 3253D3FE1C5BD2D100B5CF0B /* ss-gizmo.otf */; };
		325CD4911C329FD60062C0B3 /* Assets.xcassets in Resources */ = {isa = PBXBuildFile; fileRef = 325CD4901C329FD60062C0B3 /* Assets.xcassets */; };
		325CD4971C3353B90062C0B3 /* Notification.swift in Sources */ = {isa = PBXBuildFile; fileRef = 325CD4961C3353B90062C0B3 /* Notification.swift */; };
		32792D5B1CE37E34002BD711 /* DateExtensions.swift in Sources */ = {isa = PBXBuildFile; fileRef = 32792D5A1CE37E34002BD711 /* DateExtensions.swift */; };
		329EACA41C21B0D8008B0038 /* Nettskjema.swift in Sources */ = {isa = PBXBuildFile; fileRef = 329EACA31C21B0D8008B0038 /* Nettskjema.swift */; };
		329EACA81C22A8D5008B0038 /* Identifier.swift in Sources */ = {isa = PBXBuildFile; fileRef = 329EACA71C22A8D5008B0038 /* Identifier.swift */; };
		329EACAB1C22A97E008B0038 /* Localizable.strings in Resources */ = {isa = PBXBuildFile; fileRef = 329EACAD1C22A97E008B0038 /* Localizable.strings */; };
		32A994E91C5EA2630044157C /* TaskTableViewCell.swift in Sources */ = {isa = PBXBuildFile; fileRef = 32A994E81C5EA2630044157C /* TaskTableViewCell.swift */; };
		32A994ED1C5EB3790044157C /* TaskTableViewCellView.xib in Resources */ = {isa = PBXBuildFile; fileRef = 32A994EC1C5EB3790044157C /* TaskTableViewCellView.xib */; };
		32CEB6BA1C20B7580021A363 /* TaskListViewController.swift in Sources */ = {isa = PBXBuildFile; fileRef = 32CEB6B91C20B7580021A363 /* TaskListViewController.swift */; };
		32DD5E311C29BAF1002CB02A /* InformationViewController.swift in Sources */ = {isa = PBXBuildFile; fileRef = 32DD5E301C29BAF1002CB02A /* InformationViewController.swift */; };
		32DD5E351C29BB12002CB02A /* InformationPageContentViewController.swift in Sources */ = {isa = PBXBuildFile; fileRef = 32DD5E341C29BB12002CB02A /* InformationPageContentViewController.swift */; };
		32EB40131C31B03D0077328C /* SettingsTableViewController.swift in Sources */ = {isa = PBXBuildFile; fileRef = 32EB40121C31B03D0077328C /* SettingsTableViewController.swift */; };
		32FEEE701C215D7E0027F894 /* TaskListRow.swift in Sources */ = {isa = PBXBuildFile; fileRef = 32FEEE6F1C215D7E0027F894 /* TaskListRow.swift */; };
		5F1017681CDDE86500BED402 /* NotificationsViewController.swift in Sources */ = {isa = PBXBuildFile; fileRef = 5F1017671CDDE86500BED402 /* NotificationsViewController.swift */; };
		5F2F24481CE1F91100BBA362 /* NoInternetConnectionStep.swift in Sources */ = {isa = PBXBuildFile; fileRef = 5F2F24471CE1F91100BBA362 /* NoInternetConnectionStep.swift */; };
		5F2F244C1CE1F92E00BBA362 /* NoInternetConnectionView.swift in Sources */ = {isa = PBXBuildFile; fileRef = 5F2F244B1CE1F92E00BBA362 /* NoInternetConnectionView.swift */; };
		5F2F244E1CE1F93D00BBA362 /* NoInternetConnectionViewController.swift in Sources */ = {isa = PBXBuildFile; fileRef = 5F2F244D1CE1F93D00BBA362 /* NoInternetConnectionViewController.swift */; };
		5F37F9D21C2406C5000ABF26 /* StringExtensions.swift in Sources */ = {isa = PBXBuildFile; fileRef = 5F37F9D11C2406C5000ABF26 /* StringExtensions.swift */; };
		5F4542E91C2059DE00A408A1 /* .gitignore in Resources */ = {isa = PBXBuildFile; fileRef = 5F4542E81C2059DE00A408A1 /* .gitignore */; };
		5F7F06FD1C202523007B0B93 /* AppDelegate.swift in Sources */ = {isa = PBXBuildFile; fileRef = 5F7F06FC1C202523007B0B93 /* AppDelegate.swift */; };
		5F7F07021C202523007B0B93 /* Main.storyboard in Resources */ = {isa = PBXBuildFile; fileRef = 5F7F07001C202523007B0B93 /* Main.storyboard */; };
		5F7F07071C202523007B0B93 /* LaunchScreen.storyboard in Resources */ = {isa = PBXBuildFile; fileRef = 5F7F07051C202523007B0B93 /* LaunchScreen.storyboard */; };
		5F7F07121C202523007B0B93 /* MinDagTests.swift in Sources */ = {isa = PBXBuildFile; fileRef = 5F7F07111C202523007B0B93 /* MinDagTests.swift */; };
		5F7F071D1C202523007B0B93 /* MinDagUITests.swift in Sources */ = {isa = PBXBuildFile; fileRef = 5F7F071C1C202523007B0B93 /* MinDagUITests.swift */; };
		5F7F07411C202672007B0B93 /* Constants.swift in Sources */ = {isa = PBXBuildFile; fileRef = 5F7F07401C202672007B0B93 /* Constants.swift */; };
		5F837C601C3C067B008C3DB4 /* SetUpViewController.swift in Sources */ = {isa = PBXBuildFile; fileRef = 5F837C5F1C3C067B008C3DB4 /* SetUpViewController.swift */; };
		5FADEE151CE1A8F700391278 /* Reachability.swift in Sources */ = {isa = PBXBuildFile; fileRef = 5FADEE141CE1A8F700391278 /* Reachability.swift */; };
		5FDA123A1C2157E200BF0363 /* MathysSurveyTask.swift in Sources */ = {isa = PBXBuildFile; fileRef = 5FDA12391C2157E200BF0363 /* MathysSurveyTask.swift */; };
		5FDA12411C21602600BF0363 /* SleepSurveyTask.swift in Sources */ = {isa = PBXBuildFile; fileRef = 5FDA12401C21602600BF0363 /* SleepSurveyTask.swift */; };
		D329CA6C999704D157B4462D /* Pods_MinDag.framework in Frameworks */ = {isa = PBXBuildFile; fileRef = 92EADAE853CF17B3A2084E57 /* Pods_MinDag.framework */; };
/* End PBXBuildFile section */

/* Begin PBXContainerItemProxy section */
		5F7F070E1C202523007B0B93 /* PBXContainerItemProxy */ = {
			isa = PBXContainerItemProxy;
			containerPortal = 5F7F06F11C202523007B0B93 /* Project object */;
			proxyType = 1;
			remoteGlobalIDString = 5F7F06F81C202523007B0B93;
			remoteInfo = Mathys;
		};
		5F7F07191C202523007B0B93 /* PBXContainerItemProxy */ = {
			isa = PBXContainerItemProxy;
			containerPortal = 5F7F06F11C202523007B0B93 /* Project object */;
			proxyType = 1;
			remoteGlobalIDString = 5F7F06F81C202523007B0B93;
			remoteInfo = Mathys;
		};
/* End PBXContainerItemProxy section */

/* Begin PBXFileReference section */
		320735501C597591005D083C /* ResultHandler.swift */ = {isa = PBXFileReference; fileEncoding = 4; lastKnownFileType = sourcecode.swift; path = ResultHandler.swift; sourceTree = "<group>"; };
		32193C5F1C7754580029C789 /* StudyIDViewController.swift */ = {isa = PBXFileReference; fileEncoding = 4; lastKnownFileType = sourcecode.swift; path = StudyIDViewController.swift; sourceTree = "<group>"; };
		32193C631C7754740029C789 /* PasscodeViewController.swift */ = {isa = PBXFileReference; fileEncoding = 4; lastKnownFileType = sourcecode.swift; path = PasscodeViewController.swift; sourceTree = "<group>"; };
		3233BEFA1C74BB1A00C1B0F6 /* Onboarding.storyboard */ = {isa = PBXFileReference; fileEncoding = 4; lastKnownFileType = file.storyboard; path = Onboarding.storyboard; sourceTree = "<group>"; };
		3253D3FE1C5BD2D100B5CF0B /* ss-gizmo.otf */ = {isa = PBXFileReference; lastKnownFileType = file; path = "ss-gizmo.otf"; sourceTree = "<group>"; };
		325CD4901C329FD60062C0B3 /* Assets.xcassets */ = {isa = PBXFileReference; lastKnownFileType = folder.assetcatalog; path = Assets.xcassets; sourceTree = "<group>"; };
		325CD4961C3353B90062C0B3 /* Notification.swift */ = {isa = PBXFileReference; fileEncoding = 4; lastKnownFileType = sourcecode.swift; path = Notification.swift; sourceTree = "<group>"; };
		32792D5A1CE37E34002BD711 /* DateExtensions.swift */ = {isa = PBXFileReference; fileEncoding = 4; lastKnownFileType = sourcecode.swift; path = DateExtensions.swift; sourceTree = "<group>"; };
		329EACA31C21B0D8008B0038 /* Nettskjema.swift */ = {isa = PBXFileReference; fileEncoding = 4; lastKnownFileType = sourcecode.swift; path = Nettskjema.swift; sourceTree = "<group>"; };
		329EACA71C22A8D5008B0038 /* Identifier.swift */ = {isa = PBXFileReference; fileEncoding = 4; lastKnownFileType = sourcecode.swift; path = Identifier.swift; sourceTree = "<group>"; };
		329EACAE1C22A984008B0038 /* en */ = {isa = PBXFileReference; lastKnownFileType = text.plist.strings; name = en; path = en.lproj/Localizable.strings; sourceTree = "<group>"; xcLanguageSpecificationIdentifier = xcode.lang.swift; };
		329EACAF1C22A985008B0038 /* nb */ = {isa = PBXFileReference; lastKnownFileType = text.plist.strings; name = nb; path = nb.lproj/Localizable.strings; sourceTree = "<group>"; };
		329EACB01C22A9D1008B0038 /* Base */ = {isa = PBXFileReference; lastKnownFileType = text.plist.strings; name = Base; path = Base.lproj/Localizable.strings; sourceTree = "<group>"; };
		32A994E81C5EA2630044157C /* TaskTableViewCell.swift */ = {isa = PBXFileReference; fileEncoding = 4; lastKnownFileType = sourcecode.swift; path = TaskTableViewCell.swift; sourceTree = "<group>"; };
		32A994EC1C5EB3790044157C /* TaskTableViewCellView.xib */ = {isa = PBXFileReference; fileEncoding = 4; lastKnownFileType = file.xib; path = TaskTableViewCellView.xib; sourceTree = "<group>"; };
		32CEB6B91C20B7580021A363 /* TaskListViewController.swift */ = {isa = PBXFileReference; fileEncoding = 4; lastKnownFileType = sourcecode.swift; path = TaskListViewController.swift; sourceTree = "<group>"; };
		32DD5E301C29BAF1002CB02A /* InformationViewController.swift */ = {isa = PBXFileReference; fileEncoding = 4; lastKnownFileType = sourcecode.swift; path = InformationViewController.swift; sourceTree = "<group>"; };
		32DD5E341C29BB12002CB02A /* InformationPageContentViewController.swift */ = {isa = PBXFileReference; fileEncoding = 4; lastKnownFileType = sourcecode.swift; path = InformationPageContentViewController.swift; sourceTree = "<group>"; };
		32EB40121C31B03D0077328C /* SettingsTableViewController.swift */ = {isa = PBXFileReference; fileEncoding = 4; lastKnownFileType = sourcecode.swift; path = SettingsTableViewController.swift; sourceTree = "<group>"; };
		32FEEE6F1C215D7E0027F894 /* TaskListRow.swift */ = {isa = PBXFileReference; fileEncoding = 4; lastKnownFileType = sourcecode.swift; path = TaskListRow.swift; sourceTree = "<group>"; };
		5F1017671CDDE86500BED402 /* NotificationsViewController.swift */ = {isa = PBXFileReference; fileEncoding = 4; lastKnownFileType = sourcecode.swift; path = NotificationsViewController.swift; sourceTree = "<group>"; };
		5F2F24471CE1F91100BBA362 /* NoInternetConnectionStep.swift */ = {isa = PBXFileReference; fileEncoding = 4; lastKnownFileType = sourcecode.swift; path = NoInternetConnectionStep.swift; sourceTree = "<group>"; };
		5F2F244B1CE1F92E00BBA362 /* NoInternetConnectionView.swift */ = {isa = PBXFileReference; fileEncoding = 4; lastKnownFileType = sourcecode.swift; path = NoInternetConnectionView.swift; sourceTree = "<group>"; };
		5F2F244D1CE1F93D00BBA362 /* NoInternetConnectionViewController.swift */ = {isa = PBXFileReference; fileEncoding = 4; lastKnownFileType = sourcecode.swift; path = NoInternetConnectionViewController.swift; sourceTree = "<group>"; };
		5F37F9D11C2406C5000ABF26 /* StringExtensions.swift */ = {isa = PBXFileReference; fileEncoding = 4; lastKnownFileType = sourcecode.swift; path = StringExtensions.swift; sourceTree = "<group>"; };
		5F4542E81C2059DE00A408A1 /* .gitignore */ = {isa = PBXFileReference; fileEncoding = 4; lastKnownFileType = text; path = .gitignore; sourceTree = "<group>"; };
		5F7F06F91C202523007B0B93 /* MinDag.app */ = {isa = PBXFileReference; explicitFileType = wrapper.application; includeInIndex = 0; path = MinDag.app; sourceTree = BUILT_PRODUCTS_DIR; };
		5F7F06FC1C202523007B0B93 /* AppDelegate.swift */ = {isa = PBXFileReference; lastKnownFileType = sourcecode.swift; path = AppDelegate.swift; sourceTree = "<group>"; };
		5F7F07011C202523007B0B93 /* Base */ = {isa = PBXFileReference; lastKnownFileType = file.storyboard; name = Base; path = Base.lproj/Main.storyboard; sourceTree = "<group>"; };
		5F7F07061C202523007B0B93 /* Base */ = {isa = PBXFileReference; lastKnownFileType = file.storyboard; name = Base; path = Base.lproj/LaunchScreen.storyboard; sourceTree = "<group>"; };
		5F7F07081C202523007B0B93 /* Info.plist */ = {isa = PBXFileReference; lastKnownFileType = text.plist.xml; path = Info.plist; sourceTree = "<group>"; };
		5F7F070D1C202523007B0B93 /* MinDag.xctest */ = {isa = PBXFileReference; explicitFileType = wrapper.cfbundle; includeInIndex = 0; path = MinDag.xctest; sourceTree = BUILT_PRODUCTS_DIR; };
		5F7F07111C202523007B0B93 /* MinDagTests.swift */ = {isa = PBXFileReference; lastKnownFileType = sourcecode.swift; path = MinDagTests.swift; sourceTree = "<group>"; };
		5F7F07131C202523007B0B93 /* Info.plist */ = {isa = PBXFileReference; lastKnownFileType = text.plist.xml; path = Info.plist; sourceTree = "<group>"; };
		5F7F07181C202523007B0B93 /* MinDag.xctest */ = {isa = PBXFileReference; explicitFileType = wrapper.cfbundle; includeInIndex = 0; path = MinDag.xctest; sourceTree = BUILT_PRODUCTS_DIR; };
		5F7F071C1C202523007B0B93 /* MinDagUITests.swift */ = {isa = PBXFileReference; lastKnownFileType = sourcecode.swift; path = MinDagUITests.swift; sourceTree = "<group>"; };
		5F7F071E1C202523007B0B93 /* Info.plist */ = {isa = PBXFileReference; lastKnownFileType = text.plist.xml; path = Info.plist; sourceTree = "<group>"; };
		5F7F07401C202672007B0B93 /* Constants.swift */ = {isa = PBXFileReference; fileEncoding = 4; lastKnownFileType = sourcecode.swift; path = Constants.swift; sourceTree = "<group>"; };
		5F837C5F1C3C067B008C3DB4 /* SetUpViewController.swift */ = {isa = PBXFileReference; fileEncoding = 4; lastKnownFileType = sourcecode.swift; path = SetUpViewController.swift; sourceTree = "<group>"; };
		5FADEE141CE1A8F700391278 /* Reachability.swift */ = {isa = PBXFileReference; fileEncoding = 4; lastKnownFileType = sourcecode.swift; path = Reachability.swift; sourceTree = "<group>"; };
		5FC613E05E954674ABB81B05 /* Pods-MinDag.release.xcconfig */ = {isa = PBXFileReference; includeInIndex = 1; lastKnownFileType = text.xcconfig; name = "Pods-MinDag.release.xcconfig"; path = "Pods/Target Support Files/Pods-MinDag/Pods-MinDag.release.xcconfig"; sourceTree = "<group>"; };
		5FDA12391C2157E200BF0363 /* MathysSurveyTask.swift */ = {isa = PBXFileReference; fileEncoding = 4; lastKnownFileType = sourcecode.swift; path = MathysSurveyTask.swift; sourceTree = "<group>"; };
		5FDA12401C21602600BF0363 /* SleepSurveyTask.swift */ = {isa = PBXFileReference; fileEncoding = 4; lastKnownFileType = sourcecode.swift; path = SleepSurveyTask.swift; sourceTree = "<group>"; };
		92EADAE853CF17B3A2084E57 /* Pods_MinDag.framework */ = {isa = PBXFileReference; explicitFileType = wrapper.framework; includeInIndex = 0; path = Pods_MinDag.framework; sourceTree = BUILT_PRODUCTS_DIR; };
		FBECB177CACF0075800FBF9E /* Pods-MinDag.debug.xcconfig */ = {isa = PBXFileReference; includeInIndex = 1; lastKnownFileType = text.xcconfig; name = "Pods-MinDag.debug.xcconfig"; path = "Pods/Target Support Files/Pods-MinDag/Pods-MinDag.debug.xcconfig"; sourceTree = "<group>"; };
/* End PBXFileReference section */

/* Begin PBXFrameworksBuildPhase section */
		5F7F06F61C202523007B0B93 /* Frameworks */ = {
			isa = PBXFrameworksBuildPhase;
			buildActionMask = 2147483647;
			files = (
				D329CA6C999704D157B4462D /* Pods_MinDag.framework in Frameworks */,
			);
			runOnlyForDeploymentPostprocessing = 0;
		};
		5F7F070A1C202523007B0B93 /* Frameworks */ = {
			isa = PBXFrameworksBuildPhase;
			buildActionMask = 2147483647;
			files = (
			);
			runOnlyForDeploymentPostprocessing = 0;
		};
		5F7F07151C202523007B0B93 /* Frameworks */ = {
			isa = PBXFrameworksBuildPhase;
			buildActionMask = 2147483647;
			files = (
			);
			runOnlyForDeploymentPostprocessing = 0;
		};
/* End PBXFrameworksBuildPhase section */

/* Begin PBXGroup section */
		32193C5C1C77541C0029C789 /* onboarding */ = {
			isa = PBXGroup;
			children = (
				3233BEFA1C74BB1A00C1B0F6 /* Onboarding.storyboard */,
				32193C5F1C7754580029C789 /* StudyIDViewController.swift */,
				5F1017671CDDE86500BED402 /* NotificationsViewController.swift */,
				32193C631C7754740029C789 /* PasscodeViewController.swift */,
			);
			path = onboarding;
			sourceTree = "<group>";
		};
		32193C651C7757620029C789 /* main */ = {
			isa = PBXGroup;
			children = (
				32193C661C7757C30029C789 /* tasks */,
				5F7F07001C202523007B0B93 /* Main.storyboard */,
				32CEB6B91C20B7580021A363 /* TaskListViewController.swift */,
				32EB40121C31B03D0077328C /* SettingsTableViewController.swift */,
				32A994E81C5EA2630044157C /* TaskTableViewCell.swift */,
				32A994EC1C5EB3790044157C /* TaskTableViewCellView.xib */,
			);
			path = main;
			sourceTree = "<group>";
		};
		32193C661C7757C30029C789 /* tasks */ = {
			isa = PBXGroup;
			children = (
				5FDA12391C2157E200BF0363 /* MathysSurveyTask.swift */,
				5FDA12401C21602600BF0363 /* SleepSurveyTask.swift */,
				32FEEE6F1C215D7E0027F894 /* TaskListRow.swift */,
				5F2F24471CE1F91100BBA362 /* NoInternetConnectionStep.swift */,
				5F2F244B1CE1F92E00BBA362 /* NoInternetConnectionView.swift */,
				5F2F244D1CE1F93D00BBA362 /* NoInternetConnectionViewController.swift */,
			);
			path = tasks;
			sourceTree = "<group>";
		};
		32193C671C7758670029C789 /* _legacy */ = {
			isa = PBXGroup;
			children = (
				32DD5E301C29BAF1002CB02A /* InformationViewController.swift */,
				32DD5E341C29BB12002CB02A /* InformationPageContentViewController.swift */,
				5F837C5F1C3C067B008C3DB4 /* SetUpViewController.swift */,
			);
			path = _legacy;
			sourceTree = "<group>";
		};
		5F7F06F01C202523007B0B93 = {
			isa = PBXGroup;
			children = (
				5F4542E81C2059DE00A408A1 /* .gitignore */,
				5F7F06FB1C202523007B0B93 /* MinDag */,
				5F7F07101C202523007B0B93 /* MinDagTests */,
				5F7F071B1C202523007B0B93 /* MinDagUITests */,
				5F7F06FA1C202523007B0B93 /* Products */,
				AC70FAD2651E398A8E27C568 /* Pods */,
				DBE626DCAD519E506199657D /* Frameworks */,
			);
			sourceTree = "<group>";
		};
		5F7F06FA1C202523007B0B93 /* Products */ = {
			isa = PBXGroup;
			children = (
				5F7F06F91C202523007B0B93 /* MinDag.app */,
				5F7F070D1C202523007B0B93 /* MinDag.xctest */,
				5F7F07181C202523007B0B93 /* MinDag.xctest */,
			);
			name = Products;
			sourceTree = "<group>";
		};
		5F7F06FB1C202523007B0B93 /* MinDag */ = {
			isa = PBXGroup;
			children = (
				32193C671C7758670029C789 /* _legacy */,
				32193C651C7757620029C789 /* main */,
				32193C5C1C77541C0029C789 /* onboarding */,
				5F7F073F1C20263C007B0B93 /* Models */,
				5F7F07391C20258F007B0B93 /* Helpers */,
				5F7F073C1C2025F2007B0B93 /* Resources */,
				5F7F06FC1C202523007B0B93 /* AppDelegate.swift */,
				5F7F07051C202523007B0B93 /* LaunchScreen.storyboard */,
				325CD4901C329FD60062C0B3 /* Assets.xcassets */,
				5F7F07081C202523007B0B93 /* Info.plist */,
			);
			path = MinDag;
			sourceTree = "<group>";
		};
		5F7F07101C202523007B0B93 /* MinDagTests */ = {
			isa = PBXGroup;
			children = (
				5F7F07111C202523007B0B93 /* MinDagTests.swift */,
				5F7F07131C202523007B0B93 /* Info.plist */,
			);
			path = MinDagTests;
			sourceTree = "<group>";
		};
		5F7F071B1C202523007B0B93 /* MinDagUITests */ = {
			isa = PBXGroup;
			children = (
				5F7F071C1C202523007B0B93 /* MinDagUITests.swift */,
				5F7F071E1C202523007B0B93 /* Info.plist */,
			);
			path = MinDagUITests;
			sourceTree = "<group>";
		};
		5F7F07391C20258F007B0B93 /* Helpers */ = {
			isa = PBXGroup;
			children = (
				5FADEE141CE1A8F700391278 /* Reachability.swift */,
				5F7F07401C202672007B0B93 /* Constants.swift */,
				329EACA71C22A8D5008B0038 /* Identifier.swift */,
				329EACAD1C22A97E008B0038 /* Localizable.strings */,
				5F37F9D11C2406C5000ABF26 /* StringExtensions.swift */,
				32792D5A1CE37E34002BD711 /* DateExtensions.swift */,
			);
			path = Helpers;
			sourceTree = "<group>";
		};
		5F7F073C1C2025F2007B0B93 /* Resources */ = {
			isa = PBXGroup;
			children = (
				3253D3FE1C5BD2D100B5CF0B /* ss-gizmo.otf */,
			);
			path = Resources;
			sourceTree = "<group>";
		};
		5F7F073F1C20263C007B0B93 /* Models */ = {
			isa = PBXGroup;
			children = (
				329EACA31C21B0D8008B0038 /* Nettskjema.swift */,
				325CD4961C3353B90062C0B3 /* Notification.swift */,
				320735501C597591005D083C /* ResultHandler.swift */,
			);
			path = Models;
			sourceTree = "<group>";
		};
		AC70FAD2651E398A8E27C568 /* Pods */ = {
			isa = PBXGroup;
			children = (
				FBECB177CACF0075800FBF9E /* Pods-MinDag.debug.xcconfig */,
				5FC613E05E954674ABB81B05 /* Pods-MinDag.release.xcconfig */,
			);
			name = Pods;
			sourceTree = "<group>";
		};
		DBE626DCAD519E506199657D /* Frameworks */ = {
			isa = PBXGroup;
			children = (
				92EADAE853CF17B3A2084E57 /* Pods_MinDag.framework */,
			);
			name = Frameworks;
			sourceTree = "<group>";
		};
/* End PBXGroup section */

/* Begin PBXNativeTarget section */
		5F7F06F81C202523007B0B93 /* MinDag */ = {
			isa = PBXNativeTarget;
			buildConfigurationList = 5F7F07211C202523007B0B93 /* Build configuration list for PBXNativeTarget "MinDag" */;
			buildPhases = (
				0779546AC96686F6A548D995 /* Check Pods Manifest.lock */,
				5F7F06F51C202523007B0B93 /* Sources */,
				5F7F06F61C202523007B0B93 /* Frameworks */,
				5F7F06F71C202523007B0B93 /* Resources */,
				25841DF00A218236770D9E0C /* Embed Pods Frameworks */,
				DBBE0196F63BCAE64850A14B /* Copy Pods Resources */,
			);
			buildRules = (
			);
			dependencies = (
			);
			name = MinDag;
			productName = Mathys;
			productReference = 5F7F06F91C202523007B0B93 /* MinDag.app */;
			productType = "com.apple.product-type.application";
		};
		5F7F070C1C202523007B0B93 /* MinDagTests */ = {
			isa = PBXNativeTarget;
			buildConfigurationList = 5F7F07241C202523007B0B93 /* Build configuration list for PBXNativeTarget "MinDagTests" */;
			buildPhases = (
				5F7F07091C202523007B0B93 /* Sources */,
				5F7F070A1C202523007B0B93 /* Frameworks */,
				5F7F070B1C202523007B0B93 /* Resources */,
			);
			buildRules = (
			);
			dependencies = (
				5F7F070F1C202523007B0B93 /* PBXTargetDependency */,
			);
			name = MinDagTests;
			productName = MathysTests;
			productReference = 5F7F070D1C202523007B0B93 /* MinDag.xctest */;
			productType = "com.apple.product-type.bundle.unit-test";
		};
		5F7F07171C202523007B0B93 /* MinDagUITests */ = {
			isa = PBXNativeTarget;
			buildConfigurationList = 5F7F07271C202523007B0B93 /* Build configuration list for PBXNativeTarget "MinDagUITests" */;
			buildPhases = (
				5F7F07141C202523007B0B93 /* Sources */,
				5F7F07151C202523007B0B93 /* Frameworks */,
				5F7F07161C202523007B0B93 /* Resources */,
			);
			buildRules = (
			);
			dependencies = (
				5F7F071A1C202523007B0B93 /* PBXTargetDependency */,
			);
			name = MinDagUITests;
			productName = MathysUITests;
			productReference = 5F7F07181C202523007B0B93 /* MinDag.xctest */;
			productType = "com.apple.product-type.bundle.ui-testing";
		};
/* End PBXNativeTarget section */

/* Begin PBXProject section */
		5F7F06F11C202523007B0B93 /* Project object */ = {
			isa = PBXProject;
			attributes = {
				LastSwiftUpdateCheck = 0720;
				LastUpgradeCheck = 0730;
				ORGANIZATIONNAME = "Universitetet i Oslo";
				TargetAttributes = {
					5F7F06F81C202523007B0B93 = {
						CreatedOnToolsVersion = 7.2;
						DevelopmentTeam = L6H6YNBUBK;
					};
					5F7F070C1C202523007B0B93 = {
						CreatedOnToolsVersion = 7.2;
						TestTargetID = 5F7F06F81C202523007B0B93;
					};
					5F7F07171C202523007B0B93 = {
						CreatedOnToolsVersion = 7.2;
						TestTargetID = 5F7F06F81C202523007B0B93;
					};
				};
			};
			buildConfigurationList = 5F7F06F41C202523007B0B93 /* Build configuration list for PBXProject "MinDag" */;
			compatibilityVersion = "Xcode 3.2";
			developmentRegion = English;
			hasScannedForEncodings = 0;
			knownRegions = (
				en,
				Base,
				nb,
			);
			mainGroup = 5F7F06F01C202523007B0B93;
			productRefGroup = 5F7F06FA1C202523007B0B93 /* Products */;
			projectDirPath = "";
			projectRoot = "";
			targets = (
				5F7F06F81C202523007B0B93 /* MinDag */,
				5F7F070C1C202523007B0B93 /* MinDagTests */,
				5F7F07171C202523007B0B93 /* MinDagUITests */,
			);
		};
/* End PBXProject section */

/* Begin PBXResourcesBuildPhase section */
		5F7F06F71C202523007B0B93 /* Resources */ = {
			isa = PBXResourcesBuildPhase;
			buildActionMask = 2147483647;
			files = (
				329EACAB1C22A97E008B0038 /* Localizable.strings in Resources */,
				5F4542E91C2059DE00A408A1 /* .gitignore in Resources */,
				32A994ED1C5EB3790044157C /* TaskTableViewCellView.xib in Resources */,
				3253D3FF1C5BD2D100B5CF0B /* ss-gizmo.otf in Resources */,
				5F7F07071C202523007B0B93 /* LaunchScreen.storyboard in Resources */,
				5F7F07021C202523007B0B93 /* Main.storyboard in Resources */,
				325CD4911C329FD60062C0B3 /* Assets.xcassets in Resources */,
				3233BEFB1C74BB1A00C1B0F6 /* Onboarding.storyboard in Resources */,
			);
			runOnlyForDeploymentPostprocessing = 0;
		};
		5F7F070B1C202523007B0B93 /* Resources */ = {
			isa = PBXResourcesBuildPhase;
			buildActionMask = 2147483647;
			files = (
			);
			runOnlyForDeploymentPostprocessing = 0;
		};
		5F7F07161C202523007B0B93 /* Resources */ = {
			isa = PBXResourcesBuildPhase;
			buildActionMask = 2147483647;
			files = (
			);
			runOnlyForDeploymentPostprocessing = 0;
		};
/* End PBXResourcesBuildPhase section */

/* Begin PBXShellScriptBuildPhase section */
		0779546AC96686F6A548D995 /* Check Pods Manifest.lock */ = {
			isa = PBXShellScriptBuildPhase;
			buildActionMask = 2147483647;
			files = (
			);
			inputPaths = (
			);
			name = "Check Pods Manifest.lock";
			outputPaths = (
			);
			runOnlyForDeploymentPostprocessing = 0;
			shellPath = /bin/sh;
			shellScript = "diff \"${PODS_ROOT}/../Podfile.lock\" \"${PODS_ROOT}/Manifest.lock\" > /dev/null\nif [[ $? != 0 ]] ; then\n    cat << EOM\nerror: The sandbox is not in sync with the Podfile.lock. Run 'pod install' or update your CocoaPods installation.\nEOM\n    exit 1\nfi\n";
			showEnvVarsInLog = 0;
		};
		25841DF00A218236770D9E0C /* Embed Pods Frameworks */ = {
			isa = PBXShellScriptBuildPhase;
			buildActionMask = 2147483647;
			files = (
			);
			inputPaths = (
			);
			name = "Embed Pods Frameworks";
			outputPaths = (
			);
			runOnlyForDeploymentPostprocessing = 0;
			shellPath = /bin/sh;
			shellScript = "\"${SRCROOT}/Pods/Target Support Files/Pods-MinDag/Pods-MinDag-frameworks.sh\"\n";
			showEnvVarsInLog = 0;
		};
		DBBE0196F63BCAE64850A14B /* Copy Pods Resources */ = {
			isa = PBXShellScriptBuildPhase;
			buildActionMask = 2147483647;
			files = (
			);
			inputPaths = (
			);
			name = "Copy Pods Resources";
			outputPaths = (
			);
			runOnlyForDeploymentPostprocessing = 0;
			shellPath = /bin/sh;
			shellScript = "\"${SRCROOT}/Pods/Target Support Files/Pods-MinDag/Pods-MinDag-resources.sh\"\n";
			showEnvVarsInLog = 0;
		};
/* End PBXShellScriptBuildPhase section */

/* Begin PBXSourcesBuildPhase section */
		5F7F06F51C202523007B0B93 /* Sources */ = {
			isa = PBXSourcesBuildPhase;
			buildActionMask = 2147483647;
			files = (
				5F1017681CDDE86500BED402 /* NotificationsViewController.swift in Sources */,
				5F2F24481CE1F91100BBA362 /* NoInternetConnectionStep.swift in Sources */,
				5F37F9D21C2406C5000ABF26 /* StringExtensions.swift in Sources */,
				5F2F244C1CE1F92E00BBA362 /* NoInternetConnectionView.swift in Sources */,
				5F7F06FD1C202523007B0B93 /* AppDelegate.swift in Sources */,
				32A994E91C5EA2630044157C /* TaskTableViewCell.swift in Sources */,
				5F837C601C3C067B008C3DB4 /* SetUpViewController.swift in Sources */,
				329EACA81C22A8D5008B0038 /* Identifier.swift in Sources */,
				5F2F244E1CE1F93D00BBA362 /* NoInternetConnectionViewController.swift in Sources */,
				5FDA123A1C2157E200BF0363 /* MathysSurveyTask.swift in Sources */,
				5FDA12411C21602600BF0363 /* SleepSurveyTask.swift in Sources */,
				32792D5B1CE37E34002BD711 /* DateExtensions.swift in Sources */,
				32DD5E351C29BB12002CB02A /* InformationPageContentViewController.swift in Sources */,
				320735511C597591005D083C /* ResultHandler.swift in Sources */,
				32193C601C7754580029C789 /* StudyIDViewController.swift in Sources */,
				32193C641C7754740029C789 /* PasscodeViewController.swift in Sources */,
				32DD5E311C29BAF1002CB02A /* InformationViewController.swift in Sources */,
				5FADEE151CE1A8F700391278 /* Reachability.swift in Sources */,
				5F7F07411C202672007B0B93 /* Constants.swift in Sources */,
				32EB40131C31B03D0077328C /* SettingsTableViewController.swift in Sources */,
				325CD4971C3353B90062C0B3 /* Notification.swift in Sources */,
				32CEB6BA1C20B7580021A363 /* TaskListViewController.swift in Sources */,
				329EACA41C21B0D8008B0038 /* Nettskjema.swift in Sources */,
				32FEEE701C215D7E0027F894 /* TaskListRow.swift in Sources */,
			);
			runOnlyForDeploymentPostprocessing = 0;
		};
		5F7F07091C202523007B0B93 /* Sources */ = {
			isa = PBXSourcesBuildPhase;
			buildActionMask = 2147483647;
			files = (
				5F7F07121C202523007B0B93 /* MinDagTests.swift in Sources */,
			);
			runOnlyForDeploymentPostprocessing = 0;
		};
		5F7F07141C202523007B0B93 /* Sources */ = {
			isa = PBXSourcesBuildPhase;
			buildActionMask = 2147483647;
			files = (
				5F7F071D1C202523007B0B93 /* MinDagUITests.swift in Sources */,
			);
			runOnlyForDeploymentPostprocessing = 0;
		};
/* End PBXSourcesBuildPhase section */

/* Begin PBXTargetDependency section */
		5F7F070F1C202523007B0B93 /* PBXTargetDependency */ = {
			isa = PBXTargetDependency;
			target = 5F7F06F81C202523007B0B93 /* MinDag */;
			targetProxy = 5F7F070E1C202523007B0B93 /* PBXContainerItemProxy */;
		};
		5F7F071A1C202523007B0B93 /* PBXTargetDependency */ = {
			isa = PBXTargetDependency;
			target = 5F7F06F81C202523007B0B93 /* MinDag */;
			targetProxy = 5F7F07191C202523007B0B93 /* PBXContainerItemProxy */;
		};
/* End PBXTargetDependency section */

/* Begin PBXVariantGroup section */
		329EACAD1C22A97E008B0038 /* Localizable.strings */ = {
			isa = PBXVariantGroup;
			children = (
				329EACAE1C22A984008B0038 /* en */,
				329EACAF1C22A985008B0038 /* nb */,
				329EACB01C22A9D1008B0038 /* Base */,
			);
			name = Localizable.strings;
			sourceTree = "<group>";
		};
		5F7F07001C202523007B0B93 /* Main.storyboard */ = {
			isa = PBXVariantGroup;
			children = (
				5F7F07011C202523007B0B93 /* Base */,
			);
			name = Main.storyboard;
			path = ..;
			sourceTree = "<group>";
		};
		5F7F07051C202523007B0B93 /* LaunchScreen.storyboard */ = {
			isa = PBXVariantGroup;
			children = (
				5F7F07061C202523007B0B93 /* Base */,
			);
			name = LaunchScreen.storyboard;
			sourceTree = "<group>";
		};
/* End PBXVariantGroup section */

/* Begin XCBuildConfiguration section */
		5F7F071F1C202523007B0B93 /* Debug */ = {
			isa = XCBuildConfiguration;
			buildSettings = {
				ALWAYS_SEARCH_USER_PATHS = NO;
				CLANG_CXX_LANGUAGE_STANDARD = "gnu++0x";
				CLANG_CXX_LIBRARY = "libc++";
				CLANG_ENABLE_MODULES = YES;
				CLANG_ENABLE_OBJC_ARC = YES;
				CLANG_WARN_BOOL_CONVERSION = YES;
				CLANG_WARN_CONSTANT_CONVERSION = YES;
				CLANG_WARN_DIRECT_OBJC_ISA_USAGE = YES_ERROR;
				CLANG_WARN_EMPTY_BODY = YES;
				CLANG_WARN_ENUM_CONVERSION = YES;
				CLANG_WARN_INT_CONVERSION = YES;
				CLANG_WARN_OBJC_ROOT_CLASS = YES_ERROR;
				CLANG_WARN_UNREACHABLE_CODE = YES;
				CLANG_WARN__DUPLICATE_METHOD_MATCH = YES;
				"CODE_SIGN_IDENTITY[sdk=iphoneos*]" = "iPhone Developer";
				COPY_PHASE_STRIP = NO;
				DEBUG_INFORMATION_FORMAT = dwarf;
				ENABLE_STRICT_OBJC_MSGSEND = YES;
				ENABLE_TESTABILITY = YES;
				GCC_C_LANGUAGE_STANDARD = gnu99;
				GCC_DYNAMIC_NO_PIC = NO;
				GCC_NO_COMMON_BLOCKS = YES;
				GCC_OPTIMIZATION_LEVEL = 0;
				GCC_PREPROCESSOR_DEFINITIONS = (
					"DEBUG=1",
					"$(inherited)",
				);
				GCC_WARN_64_TO_32_BIT_CONVERSION = YES;
				GCC_WARN_ABOUT_RETURN_TYPE = YES_ERROR;
				GCC_WARN_UNDECLARED_SELECTOR = YES;
				GCC_WARN_UNINITIALIZED_AUTOS = YES_AGGRESSIVE;
				GCC_WARN_UNUSED_FUNCTION = YES;
				GCC_WARN_UNUSED_VARIABLE = YES;
				IPHONEOS_DEPLOYMENT_TARGET = 9.2;
				MTL_ENABLE_DEBUG_INFO = YES;
				ONLY_ACTIVE_ARCH = YES;
				SDKROOT = iphoneos;
				SWIFT_OPTIMIZATION_LEVEL = "-Onone";
				TARGETED_DEVICE_FAMILY = "1,2";
			};
			name = Debug;
		};
		5F7F07201C202523007B0B93 /* Release */ = {
			isa = XCBuildConfiguration;
			buildSettings = {
				ALWAYS_SEARCH_USER_PATHS = NO;
				CLANG_CXX_LANGUAGE_STANDARD = "gnu++0x";
				CLANG_CXX_LIBRARY = "libc++";
				CLANG_ENABLE_MODULES = YES;
				CLANG_ENABLE_OBJC_ARC = YES;
				CLANG_WARN_BOOL_CONVERSION = YES;
				CLANG_WARN_CONSTANT_CONVERSION = YES;
				CLANG_WARN_DIRECT_OBJC_ISA_USAGE = YES_ERROR;
				CLANG_WARN_EMPTY_BODY = YES;
				CLANG_WARN_ENUM_CONVERSION = YES;
				CLANG_WARN_INT_CONVERSION = YES;
				CLANG_WARN_OBJC_ROOT_CLASS = YES_ERROR;
				CLANG_WARN_UNREACHABLE_CODE = YES;
				CLANG_WARN__DUPLICATE_METHOD_MATCH = YES;
				"CODE_SIGN_IDENTITY[sdk=iphoneos*]" = "iPhone Developer";
				COPY_PHASE_STRIP = NO;
				DEBUG_INFORMATION_FORMAT = "dwarf-with-dsym";
				ENABLE_NS_ASSERTIONS = NO;
				ENABLE_STRICT_OBJC_MSGSEND = YES;
				GCC_C_LANGUAGE_STANDARD = gnu99;
				GCC_NO_COMMON_BLOCKS = YES;
				GCC_WARN_64_TO_32_BIT_CONVERSION = YES;
				GCC_WARN_ABOUT_RETURN_TYPE = YES_ERROR;
				GCC_WARN_UNDECLARED_SELECTOR = YES;
				GCC_WARN_UNINITIALIZED_AUTOS = YES_AGGRESSIVE;
				GCC_WARN_UNUSED_FUNCTION = YES;
				GCC_WARN_UNUSED_VARIABLE = YES;
				IPHONEOS_DEPLOYMENT_TARGET = 9.2;
				MTL_ENABLE_DEBUG_INFO = NO;
				SDKROOT = iphoneos;
				TARGETED_DEVICE_FAMILY = "1,2";
				VALIDATE_PRODUCT = YES;
			};
			name = Release;
		};
		5F7F07221C202523007B0B93 /* Debug */ = {
			isa = XCBuildConfiguration;
			baseConfigurationReference = FBECB177CACF0075800FBF9E /* Pods-MinDag.debug.xcconfig */;
			buildSettings = {
				ASSETCATALOG_COMPILER_APPICON_NAME = AppIcon;
				CLANG_ENABLE_MODULES = YES;
				CODE_SIGN_IDENTITY = "iPhone Developer";
				INFOPLIST_FILE = MinDag/Info.plist;
				LD_RUNPATH_SEARCH_PATHS = "$(inherited) @executable_path/Frameworks";
				PRODUCT_BUNDLE_IDENTIFIER = no.uio.usit.mindag;
				PRODUCT_NAME = MinDag;
				SWIFT_OPTIMIZATION_LEVEL = "-Onone";
			};
			name = Debug;
		};
		5F7F07231C202523007B0B93 /* Release */ = {
			isa = XCBuildConfiguration;
			baseConfigurationReference = 5FC613E05E954674ABB81B05 /* Pods-MinDag.release.xcconfig */;
			buildSettings = {
				ASSETCATALOG_COMPILER_APPICON_NAME = AppIcon;
				CLANG_ENABLE_MODULES = YES;
				CODE_SIGN_IDENTITY = "iPhone Developer";
				INFOPLIST_FILE = MinDag/Info.plist;
				LD_RUNPATH_SEARCH_PATHS = "$(inherited) @executable_path/Frameworks";
				PRODUCT_BUNDLE_IDENTIFIER = no.uio.usit.mindag;
				PRODUCT_NAME = MinDag;
			};
			name = Release;
		};
		5F7F07251C202523007B0B93 /* Debug */ = {
			isa = XCBuildConfiguration;
			buildSettings = {
				BUNDLE_LOADER = "$(TEST_HOST)";
				INFOPLIST_FILE = MathysTests/Info.plist;
				LD_RUNPATH_SEARCH_PATHS = "$(inherited) @executable_path/Frameworks @loader_path/Frameworks";
				PRODUCT_BUNDLE_IDENTIFIER = no.uio.usit.MathysTests;
				PRODUCT_NAME = MinDag;
				TEST_HOST = "$(BUILT_PRODUCTS_DIR)/MinDag.app/MinDag";
			};
			name = Debug;
		};
		5F7F07261C202523007B0B93 /* Release */ = {
			isa = XCBuildConfiguration;
			buildSettings = {
				BUNDLE_LOADER = "$(TEST_HOST)";
				INFOPLIST_FILE = MathysTests/Info.plist;
				LD_RUNPATH_SEARCH_PATHS = "$(inherited) @executable_path/Frameworks @loader_path/Frameworks";
				PRODUCT_BUNDLE_IDENTIFIER = no.uio.usit.MathysTests;
				PRODUCT_NAME = MinDag;
				TEST_HOST = "$(BUILT_PRODUCTS_DIR)/MinDag.app/MinDag";
			};
			name = Release;
		};
		5F7F07281C202523007B0B93 /* Debug */ = {
			isa = XCBuildConfiguration;
			buildSettings = {
				INFOPLIST_FILE = MathysUITests/Info.plist;
				LD_RUNPATH_SEARCH_PATHS = "$(inherited) @executable_path/Frameworks @loader_path/Frameworks";
				PRODUCT_BUNDLE_IDENTIFIER = no.uio.usit.MathysUITests;
				PRODUCT_NAME = MinDag;
				TEST_TARGET_NAME = Mathys;
				USES_XCTRUNNER = YES;
			};
			name = Debug;
		};
		5F7F07291C202523007B0B93 /* Release */ = {
			isa = XCBuildConfiguration;
			buildSettings = {
				INFOPLIST_FILE = MathysUITests/Info.plist;
				LD_RUNPATH_SEARCH_PATHS = "$(inherited) @executable_path/Frameworks @loader_path/Frameworks";
				PRODUCT_BUNDLE_IDENTIFIER = no.uio.usit.MathysUITests;
				PRODUCT_NAME = MinDag;
				TEST_TARGET_NAME = Mathys;
				USES_XCTRUNNER = YES;
			};
			name = Release;
		};
/* End XCBuildConfiguration section */

/* Begin XCConfigurationList section */
		5F7F06F41C202523007B0B93 /* Build configuration list for PBXProject "MinDag" */ = {
			isa = XCConfigurationList;
			buildConfigurations = (
				5F7F071F1C202523007B0B93 /* Debug */,
				5F7F07201C202523007B0B93 /* Release */,
			);
			defaultConfigurationIsVisible = 0;
			defaultConfigurationName = Release;
		};
		5F7F07211C202523007B0B93 /* Build configuration list for PBXNativeTarget "MinDag" */ = {
			isa = XCConfigurationList;
			buildConfigurations = (
				5F7F07221C202523007B0B93 /* Debug */,
				5F7F07231C202523007B0B93 /* Release */,
			);
			defaultConfigurationIsVisible = 0;
			defaultConfigurationName = Release;
		};
		5F7F07241C202523007B0B93 /* Build configuration list for PBXNativeTarget "MinDagTests" */ = {
			isa = XCConfigurationList;
			buildConfigurations = (
				5F7F07251C202523007B0B93 /* Debug */,
				5F7F07261C202523007B0B93 /* Release */,
			);
			defaultConfigurationIsVisible = 0;
			defaultConfigurationName = Release;
		};
		5F7F07271C202523007B0B93 /* Build configuration list for PBXNativeTarget "MinDagUITests" */ = {
			isa = XCConfigurationList;
			buildConfigurations = (
				5F7F07281C202523007B0B93 /* Debug */,
				5F7F07291C202523007B0B93 /* Release */,
			);
			defaultConfigurationIsVisible = 0;
			defaultConfigurationName = Release;
		};
/* End XCConfigurationList section */
	};
	rootObject = 5F7F06F11C202523007B0B93 /* Project object */;
}
