// !$*UTF8*$!
{
	archiveVersion = 1;
	classes = {
	};
	objectVersion = 46;
	objects = {

/* Begin PBXBuildFile section */
		3207354D1C59536C005D083C /* AboutProjectViewController.swift in Sources */ = {isa = PBXBuildFile; fileRef = 3207354C1C59536C005D083C /* AboutProjectViewController.swift */; };
		325CD4911C329FD60062C0B3 /* Assets.xcassets in Resources */ = {isa = PBXBuildFile; fileRef = 325CD4901C329FD60062C0B3 /* Assets.xcassets */; };
		325CD4971C3353B90062C0B3 /* Notification.swift in Sources */ = {isa = PBXBuildFile; fileRef = 325CD4961C3353B90062C0B3 /* Notification.swift */; };
		329EACA41C21B0D8008B0038 /* NettskjemaHandler.swift in Sources */ = {isa = PBXBuildFile; fileRef = 329EACA31C21B0D8008B0038 /* NettskjemaHandler.swift */; };
		329EACA81C22A8D5008B0038 /* Identifier.swift in Sources */ = {isa = PBXBuildFile; fileRef = 329EACA71C22A8D5008B0038 /* Identifier.swift */; };
		329EACAB1C22A97E008B0038 /* Localizable.strings in Resources */ = {isa = PBXBuildFile; fileRef = 329EACAD1C22A97E008B0038 /* Localizable.strings */; };
		32AA83C21C3BF6CF004DE1D6 /* Task.swift in Sources */ = {isa = PBXBuildFile; fileRef = 32AA83C11C3BF6CF004DE1D6 /* Task.swift */; };
		32CEB6BA1C20B7580021A363 /* TaskListViewController.swift in Sources */ = {isa = PBXBuildFile; fileRef = 32CEB6B91C20B7580021A363 /* TaskListViewController.swift */; };
		32DD5E311C29BAF1002CB02A /* InformationViewController.swift in Sources */ = {isa = PBXBuildFile; fileRef = 32DD5E301C29BAF1002CB02A /* InformationViewController.swift */; };
		32DD5E351C29BB12002CB02A /* InformationPageContentViewController.swift in Sources */ = {isa = PBXBuildFile; fileRef = 32DD5E341C29BB12002CB02A /* InformationPageContentViewController.swift */; };
		32EB40131C31B03D0077328C /* SettingsTableViewController.swift in Sources */ = {isa = PBXBuildFile; fileRef = 32EB40121C31B03D0077328C /* SettingsTableViewController.swift */; };
		32FEEE701C215D7E0027F894 /* TaskListRow.swift in Sources */ = {isa = PBXBuildFile; fileRef = 32FEEE6F1C215D7E0027F894 /* TaskListRow.swift */; };
		5F37F9D21C2406C5000ABF26 /* StringExtensions.swift in Sources */ = {isa = PBXBuildFile; fileRef = 5F37F9D11C2406C5000ABF26 /* StringExtensions.swift */; };
		5F4542E91C2059DE00A408A1 /* .gitignore in Resources */ = {isa = PBXBuildFile; fileRef = 5F4542E81C2059DE00A408A1 /* .gitignore */; };
		5F7F06FD1C202523007B0B93 /* AppDelegate.swift in Sources */ = {isa = PBXBuildFile; fileRef = 5F7F06FC1C202523007B0B93 /* AppDelegate.swift */; };
		5F7F07021C202523007B0B93 /* Main.storyboard in Resources */ = {isa = PBXBuildFile; fileRef = 5F7F07001C202523007B0B93 /* Main.storyboard */; };
		5F7F07071C202523007B0B93 /* LaunchScreen.storyboard in Resources */ = {isa = PBXBuildFile; fileRef = 5F7F07051C202523007B0B93 /* LaunchScreen.storyboard */; };
		5F7F07121C202523007B0B93 /* MinDagTests.swift in Sources */ = {isa = PBXBuildFile; fileRef = 5F7F07111C202523007B0B93 /* MinDagTests.swift */; };
		5F7F071D1C202523007B0B93 /* MinDagUITests.swift in Sources */ = {isa = PBXBuildFile; fileRef = 5F7F071C1C202523007B0B93 /* MinDagUITests.swift */; };
		5F7F07341C202578007B0B93 /* ResearchKit.framework in Frameworks */ = {isa = PBXBuildFile; fileRef = 5F7F07311C202562007B0B93 /* ResearchKit.framework */; };
		5F7F07351C202578007B0B93 /* ResearchKit.framework in Embed Frameworks */ = {isa = PBXBuildFile; fileRef = 5F7F07311C202562007B0B93 /* ResearchKit.framework */; settings = {ATTRIBUTES = (CodeSignOnCopy, RemoveHeadersOnCopy, ); }; };
		5F7F07411C202672007B0B93 /* Constants.swift in Sources */ = {isa = PBXBuildFile; fileRef = 5F7F07401C202672007B0B93 /* Constants.swift */; };
		5F837C601C3C067B008C3DB4 /* SetUpViewController.swift in Sources */ = {isa = PBXBuildFile; fileRef = 5F837C5F1C3C067B008C3DB4 /* SetUpViewController.swift */; };
		5FDA123A1C2157E200BF0363 /* MathysSurveyTask.swift in Sources */ = {isa = PBXBuildFile; fileRef = 5FDA12391C2157E200BF0363 /* MathysSurveyTask.swift */; };
		5FDA12411C21602600BF0363 /* SleepSurveyTask.swift in Sources */ = {isa = PBXBuildFile; fileRef = 5FDA12401C21602600BF0363 /* SleepSurveyTask.swift */; };
/* End PBXBuildFile section */

/* Begin PBXContainerItemProxy section */
		5F7F070E1C202523007B0B93 /* PBXContainerItemProxy */ = {
			isa = PBXContainerItemProxy;
			containerPortal = 5F7F06F11C202523007B0B93 /* Project object */;
			proxyType = 1;
			remoteGlobalIDString = 5F7F06F81C202523007B0B93;
			remoteInfo = Mathys;
		};
		5F7F07191C202523007B0B93 /* PBXContainerItemProxy */ = {
			isa = PBXContainerItemProxy;
			containerPortal = 5F7F06F11C202523007B0B93 /* Project object */;
			proxyType = 1;
			remoteGlobalIDString = 5F7F06F81C202523007B0B93;
			remoteInfo = Mathys;
		};
		5F7F07301C202562007B0B93 /* PBXContainerItemProxy */ = {
			isa = PBXContainerItemProxy;
			containerPortal = 5F7F072A1C202562007B0B93 /* ResearchKit.xcodeproj */;
			proxyType = 2;
			remoteGlobalIDString = B183A5951A8535D100C76870;
			remoteInfo = ResearchKit;
		};
		5F7F07321C202562007B0B93 /* PBXContainerItemProxy */ = {
			isa = PBXContainerItemProxy;
			containerPortal = 5F7F072A1C202562007B0B93 /* ResearchKit.xcodeproj */;
			proxyType = 2;
			remoteGlobalIDString = 86CC8E9A1AC09332001CCD89;
			remoteInfo = ResearchKitTests;
		};
		5F7F07361C202578007B0B93 /* PBXContainerItemProxy */ = {
			isa = PBXContainerItemProxy;
			containerPortal = 5F7F072A1C202562007B0B93 /* ResearchKit.xcodeproj */;
			proxyType = 1;
			remoteGlobalIDString = B183A4731A8535D100C76870;
			remoteInfo = ResearchKit;
		};
/* End PBXContainerItemProxy section */

/* Begin PBXCopyFilesBuildPhase section */
		5F7F07381C202578007B0B93 /* Embed Frameworks */ = {
			isa = PBXCopyFilesBuildPhase;
			buildActionMask = 2147483647;
			dstPath = "";
			dstSubfolderSpec = 10;
			files = (
				5F7F07351C202578007B0B93 /* ResearchKit.framework in Embed Frameworks */,
			);
			name = "Embed Frameworks";
			runOnlyForDeploymentPostprocessing = 0;
		};
/* End PBXCopyFilesBuildPhase section */

/* Begin PBXFileReference section */
		3207354C1C59536C005D083C /* AboutProjectViewController.swift */ = {isa = PBXFileReference; fileEncoding = 4; lastKnownFileType = sourcecode.swift; path = AboutProjectViewController.swift; sourceTree = "<group>"; };
		325CD4901C329FD60062C0B3 /* Assets.xcassets */ = {isa = PBXFileReference; lastKnownFileType = folder.assetcatalog; path = Assets.xcassets; sourceTree = "<group>"; };
		325CD4961C3353B90062C0B3 /* Notification.swift */ = {isa = PBXFileReference; fileEncoding = 4; lastKnownFileType = sourcecode.swift; path = Notification.swift; sourceTree = "<group>"; };
		329EACA31C21B0D8008B0038 /* NettskjemaHandler.swift */ = {isa = PBXFileReference; fileEncoding = 4; lastKnownFileType = sourcecode.swift; path = NettskjemaHandler.swift; sourceTree = "<group>"; };
		329EACA71C22A8D5008B0038 /* Identifier.swift */ = {isa = PBXFileReference; fileEncoding = 4; lastKnownFileType = sourcecode.swift; path = Identifier.swift; sourceTree = "<group>"; };
		329EACAE1C22A984008B0038 /* en */ = {isa = PBXFileReference; lastKnownFileType = text.plist.strings; name = en; path = en.lproj/Localizable.strings; sourceTree = "<group>"; };
		329EACAF1C22A985008B0038 /* nb */ = {isa = PBXFileReference; lastKnownFileType = text.plist.strings; name = nb; path = nb.lproj/Localizable.strings; sourceTree = "<group>"; };
		329EACB01C22A9D1008B0038 /* Base */ = {isa = PBXFileReference; lastKnownFileType = text.plist.strings; name = Base; path = Base.lproj/Localizable.strings; sourceTree = "<group>"; };
		32AA83C11C3BF6CF004DE1D6 /* Task.swift */ = {isa = PBXFileReference; fileEncoding = 4; lastKnownFileType = sourcecode.swift; path = Task.swift; sourceTree = "<group>"; };
		32CEB6B91C20B7580021A363 /* TaskListViewController.swift */ = {isa = PBXFileReference; fileEncoding = 4; lastKnownFileType = sourcecode.swift; path = TaskListViewController.swift; sourceTree = "<group>"; };
		32DD5E301C29BAF1002CB02A /* InformationViewController.swift */ = {isa = PBXFileReference; fileEncoding = 4; lastKnownFileType = sourcecode.swift; path = InformationViewController.swift; sourceTree = "<group>"; };
		32DD5E341C29BB12002CB02A /* InformationPageContentViewController.swift */ = {isa = PBXFileReference; fileEncoding = 4; lastKnownFileType = sourcecode.swift; path = InformationPageContentViewController.swift; sourceTree = "<group>"; };
		32EB40121C31B03D0077328C /* SettingsTableViewController.swift */ = {isa = PBXFileReference; fileEncoding = 4; lastKnownFileType = sourcecode.swift; path = SettingsTableViewController.swift; sourceTree = "<group>"; };
		32FEEE6F1C215D7E0027F894 /* TaskListRow.swift */ = {isa = PBXFileReference; fileEncoding = 4; lastKnownFileType = sourcecode.swift; path = TaskListRow.swift; sourceTree = "<group>"; };
		5F37F9D11C2406C5000ABF26 /* StringExtensions.swift */ = {isa = PBXFileReference; fileEncoding = 4; lastKnownFileType = sourcecode.swift; path = StringExtensions.swift; sourceTree = "<group>"; };
		5F4542E81C2059DE00A408A1 /* .gitignore */ = {isa = PBXFileReference; fileEncoding = 4; lastKnownFileType = text; path = .gitignore; sourceTree = "<group>"; };
		5F7F06F91C202523007B0B93 /* MinDag.app */ = {isa = PBXFileReference; explicitFileType = wrapper.application; includeInIndex = 0; path = MinDag.app; sourceTree = BUILT_PRODUCTS_DIR; };
		5F7F06FC1C202523007B0B93 /* AppDelegate.swift */ = {isa = PBXFileReference; lastKnownFileType = sourcecode.swift; path = AppDelegate.swift; sourceTree = "<group>"; };
		5F7F07011C202523007B0B93 /* Base */ = {isa = PBXFileReference; lastKnownFileType = file.storyboard; name = Base; path = Base.lproj/Main.storyboard; sourceTree = "<group>"; };
		5F7F07061C202523007B0B93 /* Base */ = {isa = PBXFileReference; lastKnownFileType = file.storyboard; name = Base; path = Base.lproj/LaunchScreen.storyboard; sourceTree = "<group>"; };
		5F7F07081C202523007B0B93 /* Info.plist */ = {isa = PBXFileReference; lastKnownFileType = text.plist.xml; path = Info.plist; sourceTree = "<group>"; };
		5F7F070D1C202523007B0B93 /* MinDag.xctest */ = {isa = PBXFileReference; explicitFileType = wrapper.cfbundle; includeInIndex = 0; path = MinDag.xctest; sourceTree = BUILT_PRODUCTS_DIR; };
		5F7F07111C202523007B0B93 /* MinDagTests.swift */ = {isa = PBXFileReference; lastKnownFileType = sourcecode.swift; path = MinDagTests.swift; sourceTree = "<group>"; };
		5F7F07131C202523007B0B93 /* Info.plist */ = {isa = PBXFileReference; lastKnownFileType = text.plist.xml; path = Info.plist; sourceTree = "<group>"; };
		5F7F07181C202523007B0B93 /* MinDag.xctest */ = {isa = PBXFileReference; explicitFileType = wrapper.cfbundle; includeInIndex = 0; path = MinDag.xctest; sourceTree = BUILT_PRODUCTS_DIR; };
		5F7F071C1C202523007B0B93 /* MinDagUITests.swift */ = {isa = PBXFileReference; lastKnownFileType = sourcecode.swift; path = MinDagUITests.swift; sourceTree = "<group>"; };
		5F7F071E1C202523007B0B93 /* Info.plist */ = {isa = PBXFileReference; lastKnownFileType = text.plist.xml; path = Info.plist; sourceTree = "<group>"; };
		5F7F072A1C202562007B0B93 /* ResearchKit.xcodeproj */ = {isa = PBXFileReference; lastKnownFileType = "wrapper.pb-project"; name = ResearchKit.xcodeproj; path = ../ResearchKit/ResearchKit.xcodeproj; sourceTree = "<group>"; };
		5F7F07401C202672007B0B93 /* Constants.swift */ = {isa = PBXFileReference; fileEncoding = 4; lastKnownFileType = sourcecode.swift; path = Constants.swift; sourceTree = "<group>"; };
		5F837C5F1C3C067B008C3DB4 /* SetUpViewController.swift */ = {isa = PBXFileReference; fileEncoding = 4; lastKnownFileType = sourcecode.swift; path = SetUpViewController.swift; sourceTree = "<group>"; };
		5FDA12391C2157E200BF0363 /* MathysSurveyTask.swift */ = {isa = PBXFileReference; fileEncoding = 4; lastKnownFileType = sourcecode.swift; path = MathysSurveyTask.swift; sourceTree = "<group>"; };
		5FDA12401C21602600BF0363 /* SleepSurveyTask.swift */ = {isa = PBXFileReference; fileEncoding = 4; lastKnownFileType = sourcecode.swift; path = SleepSurveyTask.swift; sourceTree = "<group>"; };
/* End PBXFileReference section */

/* Begin PBXFrameworksBuildPhase section */
		5F7F06F61C202523007B0B93 /* Frameworks */ = {
			isa = PBXFrameworksBuildPhase;
			buildActionMask = 2147483647;
			files = (
				5F7F07341C202578007B0B93 /* ResearchKit.framework in Frameworks */,
			);
			runOnlyForDeploymentPostprocessing = 0;
		};
		5F7F070A1C202523007B0B93 /* Frameworks */ = {
			isa = PBXFrameworksBuildPhase;
			buildActionMask = 2147483647;
			files = (
			);
			runOnlyForDeploymentPostprocessing = 0;
		};
		5F7F07151C202523007B0B93 /* Frameworks */ = {
			isa = PBXFrameworksBuildPhase;
			buildActionMask = 2147483647;
			files = (
			);
			runOnlyForDeploymentPostprocessing = 0;
		};
/* End PBXFrameworksBuildPhase section */

/* Begin PBXGroup section */
		5F6959C91C205B58002568CF /* Tasks */ = {
			isa = PBXGroup;
			children = (
				5FDA12391C2157E200BF0363 /* MathysSurveyTask.swift */,
				5FDA12401C21602600BF0363 /* SleepSurveyTask.swift */,
				32FEEE6F1C215D7E0027F894 /* TaskListRow.swift */,
			);
			name = Tasks;
			sourceTree = "<group>";
		};
		5F7F06F01C202523007B0B93 = {
			isa = PBXGroup;
			children = (
				5F4542E81C2059DE00A408A1 /* .gitignore */,
				5F7F072A1C202562007B0B93 /* ResearchKit.xcodeproj */,
				5F7F06FB1C202523007B0B93 /* MinDag */,
				5F7F07101C202523007B0B93 /* MinDagTests */,
				5F7F071B1C202523007B0B93 /* MinDagUITests */,
				5F7F06FA1C202523007B0B93 /* Products */,
			);
			sourceTree = "<group>";
		};
		5F7F06FA1C202523007B0B93 /* Products */ = {
			isa = PBXGroup;
			children = (
				5F7F06F91C202523007B0B93 /* MinDag.app */,
				5F7F070D1C202523007B0B93 /* MinDag.xctest */,
				5F7F07181C202523007B0B93 /* MinDag.xctest */,
			);
			name = Products;
			sourceTree = "<group>";
		};
		5F7F06FB1C202523007B0B93 /* MinDag */ = {
			isa = PBXGroup;
			children = (
				5F7F073F1C20263C007B0B93 /* Models */,
				5F7F073E1C202624007B0B93 /* View */,
				5F7F073D1C202610007B0B93 /* Controllers */,
				5F7F073C1C2025F2007B0B93 /* Stores */,
				5F7F07391C20258F007B0B93 /* Helpers */,
				5F7F06FC1C202523007B0B93 /* AppDelegate.swift */,
				5F7F07001C202523007B0B93 /* Main.storyboard */,
				5F7F07051C202523007B0B93 /* LaunchScreen.storyboard */,
				325CD4901C329FD60062C0B3 /* Assets.xcassets */,
				5F7F07081C202523007B0B93 /* Info.plist */,
				329EACA31C21B0D8008B0038 /* NettskjemaHandler.swift */,
			);
			path = MinDag;
			sourceTree = "<group>";
		};
		5F7F07101C202523007B0B93 /* MinDagTests */ = {
			isa = PBXGroup;
			children = (
				5F7F07111C202523007B0B93 /* MinDagTests.swift */,
				5F7F07131C202523007B0B93 /* Info.plist */,
			);
			path = MinDagTests;
			sourceTree = "<group>";
		};
		5F7F071B1C202523007B0B93 /* MinDagUITests */ = {
			isa = PBXGroup;
			children = (
				5F7F071C1C202523007B0B93 /* MinDagUITests.swift */,
				5F7F071E1C202523007B0B93 /* Info.plist */,
			);
			path = MinDagUITests;
			sourceTree = "<group>";
		};
		5F7F072B1C202562007B0B93 /* Products */ = {
			isa = PBXGroup;
			children = (
				5F7F07311C202562007B0B93 /* ResearchKit.framework */,
				5F7F07331C202562007B0B93 /* ResearchKitTests.xctest */,
			);
			name = Products;
			sourceTree = "<group>";
		};
		5F7F07391C20258F007B0B93 /* Helpers */ = {
			isa = PBXGroup;
			children = (
				5F7F07401C202672007B0B93 /* Constants.swift */,
				329EACA71C22A8D5008B0038 /* Identifier.swift */,
				329EACAD1C22A97E008B0038 /* Localizable.strings */,
				5F37F9D11C2406C5000ABF26 /* StringExtensions.swift */,
			);
			path = Helpers;
			sourceTree = "<group>";
		};
		5F7F073C1C2025F2007B0B93 /* Stores */ = {
			isa = PBXGroup;
			children = (
			);
			path = Stores;
			sourceTree = "<group>";
		};
		5F7F073D1C202610007B0B93 /* Controllers */ = {
			isa = PBXGroup;
			children = (
				32CEB6B91C20B7580021A363 /* TaskListViewController.swift */,
				32DD5E301C29BAF1002CB02A /* InformationViewController.swift */,
				32DD5E341C29BB12002CB02A /* InformationPageContentViewController.swift */,
				32EB40121C31B03D0077328C /* SettingsTableViewController.swift */,
				5F837C5F1C3C067B008C3DB4 /* SetUpViewController.swift */,
				3207354C1C59536C005D083C /* AboutProjectViewController.swift */,
			);
			path = Controllers;
			sourceTree = "<group>";
		};
		5F7F073E1C202624007B0B93 /* View */ = {
			isa = PBXGroup;
			children = (
			);
			path = View;
			sourceTree = "<group>";
		};
		5F7F073F1C20263C007B0B93 /* Models */ = {
			isa = PBXGroup;
			children = (
				5F6959C91C205B58002568CF /* Tasks */,
				325CD4961C3353B90062C0B3 /* Notification.swift */,
				32AA83C11C3BF6CF004DE1D6 /* Task.swift */,
			);
			path = Models;
			sourceTree = "<group>";
		};
/* End PBXGroup section */

/* Begin PBXNativeTarget section */
		5F7F06F81C202523007B0B93 /* MinDag */ = {
			isa = PBXNativeTarget;
			buildConfigurationList = 5F7F07211C202523007B0B93 /* Build configuration list for PBXNativeTarget "MinDag" */;
			buildPhases = (
				5F7F06F51C202523007B0B93 /* Sources */,
				5F7F06F61C202523007B0B93 /* Frameworks */,
				5F7F06F71C202523007B0B93 /* Resources */,
				5F7F07381C202578007B0B93 /* Embed Frameworks */,
			);
			buildRules = (
			);
			dependencies = (
				5F7F07371C202578007B0B93 /* PBXTargetDependency */,
			);
			name = MinDag;
			productName = Mathys;
			productReference = 5F7F06F91C202523007B0B93 /* MinDag.app */;
			productType = "com.apple.product-type.application";
		};
		5F7F070C1C202523007B0B93 /* MinDagTests */ = {
			isa = PBXNativeTarget;
			buildConfigurationList = 5F7F07241C202523007B0B93 /* Build configuration list for PBXNativeTarget "MinDagTests" */;
			buildPhases = (
				5F7F07091C202523007B0B93 /* Sources */,
				5F7F070A1C202523007B0B93 /* Frameworks */,
				5F7F070B1C202523007B0B93 /* Resources */,
			);
			buildRules = (
			);
			dependencies = (
				5F7F070F1C202523007B0B93 /* PBXTargetDependency */,
			);
			name = MinDagTests;
			productName = MathysTests;
			productReference = 5F7F070D1C202523007B0B93 /* MinDag.xctest */;
			productType = "com.apple.product-type.bundle.unit-test";
		};
		5F7F07171C202523007B0B93 /* MinDagUITests */ = {
			isa = PBXNativeTarget;
			buildConfigurationList = 5F7F07271C202523007B0B93 /* Build configuration list for PBXNativeTarget "MinDagUITests" */;
			buildPhases = (
				5F7F07141C202523007B0B93 /* Sources */,
				5F7F07151C202523007B0B93 /* Frameworks */,
				5F7F07161C202523007B0B93 /* Resources */,
			);
			buildRules = (
			);
			dependencies = (
				5F7F071A1C202523007B0B93 /* PBXTargetDependency */,
			);
			name = MinDagUITests;
			productName = MathysUITests;
			productReference = 5F7F07181C202523007B0B93 /* MinDag.xctest */;
			productType = "com.apple.product-type.bundle.ui-testing";
		};
/* End PBXNativeTarget section */

/* Begin PBXProject section */
		5F7F06F11C202523007B0B93 /* Project object */ = {
			isa = PBXProject;
			attributes = {
				LastSwiftUpdateCheck = 0720;
				LastUpgradeCheck = 0720;
				ORGANIZATIONNAME = "Universitetet i Oslo";
				TargetAttributes = {
					5F7F06F81C202523007B0B93 = {
						CreatedOnToolsVersion = 7.2;
						DevelopmentTeam = L6H6YNBUBK;
					};
					5F7F070C1C202523007B0B93 = {
						CreatedOnToolsVersion = 7.2;
						TestTargetID = 5F7F06F81C202523007B0B93;
					};
					5F7F07171C202523007B0B93 = {
						CreatedOnToolsVersion = 7.2;
						TestTargetID = 5F7F06F81C202523007B0B93;
					};
				};
			};
			buildConfigurationList = 5F7F06F41C202523007B0B93 /* Build configuration list for PBXProject "MinDag" */;
			compatibilityVersion = "Xcode 3.2";
			developmentRegion = English;
			hasScannedForEncodings = 0;
			knownRegions = (
				en,
				Base,
				nb,
			);
			mainGroup = 5F7F06F01C202523007B0B93;
			productRefGroup = 5F7F06FA1C202523007B0B93 /* Products */;
			projectDirPath = "";
			projectReferences = (
				{
					ProductGroup = 5F7F072B1C202562007B0B93 /* Products */;
					ProjectRef = 5F7F072A1C202562007B0B93 /* ResearchKit.xcodeproj */;
				},
			);
			projectRoot = "";
			targets = (
				5F7F06F81C202523007B0B93 /* MinDag */,
				5F7F070C1C202523007B0B93 /* MinDagTests */,
				5F7F07171C202523007B0B93 /* MinDagUITests */,
			);
		};
/* End PBXProject section */

/* Begin PBXReferenceProxy section */
		5F7F07311C202562007B0B93 /* ResearchKit.framework */ = {
			isa = PBXReferenceProxy;
			fileType = wrapper.framework;
			path = ResearchKit.framework;
			remoteRef = 5F7F07301C202562007B0B93 /* PBXContainerItemProxy */;
			sourceTree = BUILT_PRODUCTS_DIR;
		};
		5F7F07331C202562007B0B93 /* ResearchKitTests.xctest */ = {
			isa = PBXReferenceProxy;
			fileType = wrapper.cfbundle;
			path = ResearchKitTests.xctest;
			remoteRef = 5F7F07321C202562007B0B93 /* PBXContainerItemProxy */;
			sourceTree = BUILT_PRODUCTS_DIR;
		};
/* End PBXReferenceProxy section */

/* Begin PBXResourcesBuildPhase section */
		5F7F06F71C202523007B0B93 /* Resources */ = {
			isa = PBXResourcesBuildPhase;
			buildActionMask = 2147483647;
			files = (
				329EACAB1C22A97E008B0038 /* Localizable.strings in Resources */,
				5F4542E91C2059DE00A408A1 /* .gitignore in Resources */,
				5F7F07071C202523007B0B93 /* LaunchScreen.storyboard in Resources */,
				5F7F07021C202523007B0B93 /* Main.storyboard in Resources */,
				325CD4911C329FD60062C0B3 /* Assets.xcassets in Resources */,
			);
			runOnlyForDeploymentPostprocessing = 0;
		};
		5F7F070B1C202523007B0B93 /* Resources */ = {
			isa = PBXResourcesBuildPhase;
			buildActionMask = 2147483647;
			files = (
			);
			runOnlyForDeploymentPostprocessing = 0;
		};
		5F7F07161C202523007B0B93 /* Resources */ = {
			isa = PBXResourcesBuildPhase;
			buildActionMask = 2147483647;
			files = (
			);
			runOnlyForDeploymentPostprocessing = 0;
		};
/* End PBXResourcesBuildPhase section */

/* Begin PBXSourcesBuildPhase section */
		5F7F06F51C202523007B0B93 /* Sources */ = {
			isa = PBXSourcesBuildPhase;
			buildActionMask = 2147483647;
			files = (
				5F37F9D21C2406C5000ABF26 /* StringExtensions.swift in Sources */,
				5F7F06FD1C202523007B0B93 /* AppDelegate.swift in Sources */,
				5F837C601C3C067B008C3DB4 /* SetUpViewController.swift in Sources */,
				329EACA81C22A8D5008B0038 /* Identifier.swift in Sources */,
				5FDA123A1C2157E200BF0363 /* MathysSurveyTask.swift in Sources */,
				5FDA12411C21602600BF0363 /* SleepSurveyTask.swift in Sources */,
				32DD5E351C29BB12002CB02A /* InformationPageContentViewController.swift in Sources */,
				3207354D1C59536C005D083C /* AboutProjectViewController.swift in Sources */,
				32AA83C21C3BF6CF004DE1D6 /* Task.swift in Sources */,
				32DD5E311C29BAF1002CB02A /* InformationViewController.swift in Sources */,
				5F7F07411C202672007B0B93 /* Constants.swift in Sources */,
				32EB40131C31B03D0077328C /* SettingsTableViewController.swift in Sources */,
				325CD4971C3353B90062C0B3 /* Notification.swift in Sources */,
				32CEB6BA1C20B7580021A363 /* TaskListViewController.swift in Sources */,
				329EACA41C21B0D8008B0038 /* NettskjemaHandler.swift in Sources */,
				32FEEE701C215D7E0027F894 /* TaskListRow.swift in Sources */,
			);
			runOnlyForDeploymentPostprocessing = 0;
		};
		5F7F07091C202523007B0B93 /* Sources */ = {
			isa = PBXSourcesBuildPhase;
			buildActionMask = 2147483647;
			files = (
				5F7F07121C202523007B0B93 /* MinDagTests.swift in Sources */,
			);
			runOnlyForDeploymentPostprocessing = 0;
		};
		5F7F07141C202523007B0B93 /* Sources */ = {
			isa = PBXSourcesBuildPhase;
			buildActionMask = 2147483647;
			files = (
				5F7F071D1C202523007B0B93 /* MinDagUITests.swift in Sources */,
			);
			runOnlyForDeploymentPostprocessing = 0;
		};
/* End PBXSourcesBuildPhase section */

/* Begin PBXTargetDependency section */
		5F7F070F1C202523007B0B93 /* PBXTargetDependency */ = {
			isa = PBXTargetDependency;
			target = 5F7F06F81C202523007B0B93 /* MinDag */;
			targetProxy = 5F7F070E1C202523007B0B93 /* PBXContainerItemProxy */;
		};
		5F7F071A1C202523007B0B93 /* PBXTargetDependency */ = {
			isa = PBXTargetDependency;
			target = 5F7F06F81C202523007B0B93 /* MinDag */;
			targetProxy = 5F7F07191C202523007B0B93 /* PBXContainerItemProxy */;
		};
		5F7F07371C202578007B0B93 /* PBXTargetDependency */ = {
			isa = PBXTargetDependency;
			name = ResearchKit;
			targetProxy = 5F7F07361C202578007B0B93 /* PBXContainerItemProxy */;
		};
/* End PBXTargetDependency section */

/* Begin PBXVariantGroup section */
		329EACAD1C22A97E008B0038 /* Localizable.strings */ = {
			isa = PBXVariantGroup;
			children = (
				329EACAE1C22A984008B0038 /* en */,
				329EACAF1C22A985008B0038 /* nb */,
				329EACB01C22A9D1008B0038 /* Base */,
			);
			name = Localizable.strings;
			sourceTree = "<group>";
		};
		5F7F07001C202523007B0B93 /* Main.storyboard */ = {
			isa = PBXVariantGroup;
			children = (
				5F7F07011C202523007B0B93 /* Base */,
			);
			name = Main.storyboard;
			sourceTree = "<group>";
		};
		5F7F07051C202523007B0B93 /* LaunchScreen.storyboard */ = {
			isa = PBXVariantGroup;
			children = (
				5F7F07061C202523007B0B93 /* Base */,
			);
			name = LaunchScreen.storyboard;
			sourceTree = "<group>";
		};
/* End PBXVariantGroup section */

/* Begin XCBuildConfiguration section */
		5F7F071F1C202523007B0B93 /* Debug */ = {
			isa = XCBuildConfiguration;
			buildSettings = {
				ALWAYS_SEARCH_USER_PATHS = NO;
				CLANG_CXX_LANGUAGE_STANDARD = "gnu++0x";
				CLANG_CXX_LIBRARY = "libc++";
				CLANG_ENABLE_MODULES = YES;
				CLANG_ENABLE_OBJC_ARC = YES;
				CLANG_WARN_BOOL_CONVERSION = YES;
				CLANG_WARN_CONSTANT_CONVERSION = YES;
				CLANG_WARN_DIRECT_OBJC_ISA_USAGE = YES_ERROR;
				CLANG_WARN_EMPTY_BODY = YES;
				CLANG_WARN_ENUM_CONVERSION = YES;
				CLANG_WARN_INT_CONVERSION = YES;
				CLANG_WARN_OBJC_ROOT_CLASS = YES_ERROR;
				CLANG_WARN_UNREACHABLE_CODE = YES;
				CLANG_WARN__DUPLICATE_METHOD_MATCH = YES;
				"CODE_SIGN_IDENTITY[sdk=iphoneos*]" = "iPhone Developer";
				COPY_PHASE_STRIP = NO;
				DEBUG_INFORMATION_FORMAT = dwarf;
				ENABLE_STRICT_OBJC_MSGSEND = YES;
				ENABLE_TESTABILITY = YES;
				GCC_C_LANGUAGE_STANDARD = gnu99;
				GCC_DYNAMIC_NO_PIC = NO;
				GCC_NO_COMMON_BLOCKS = YES;
				GCC_OPTIMIZATION_LEVEL = 0;
				GCC_PREPROCESSOR_DEFINITIONS = (
					"DEBUG=1",
					"$(inherited)",
				);
				GCC_WARN_64_TO_32_BIT_CONVERSION = YES;
				GCC_WARN_ABOUT_RETURN_TYPE = YES_ERROR;
				GCC_WARN_UNDECLARED_SELECTOR = YES;
				GCC_WARN_UNINITIALIZED_AUTOS = YES_AGGRESSIVE;
				GCC_WARN_UNUSED_FUNCTION = YES;
				GCC_WARN_UNUSED_VARIABLE = YES;
				IPHONEOS_DEPLOYMENT_TARGET = 9.2;
				MTL_ENABLE_DEBUG_INFO = YES;
				ONLY_ACTIVE_ARCH = YES;
				SDKROOT = iphoneos;
				SWIFT_OPTIMIZATION_LEVEL = "-Onone";
				TARGETED_DEVICE_FAMILY = "1,2";
			};
			name = Debug;
		};
		5F7F07201C202523007B0B93 /* Release */ = {
			isa = XCBuildConfiguration;
			buildSettings = {
				ALWAYS_SEARCH_USER_PATHS = NO;
				CLANG_CXX_LANGUAGE_STANDARD = "gnu++0x";
				CLANG_CXX_LIBRARY = "libc++";
				CLANG_ENABLE_MODULES = YES;
				CLANG_ENABLE_OBJC_ARC = YES;
				CLANG_WARN_BOOL_CONVERSION = YES;
				CLANG_WARN_CONSTANT_CONVERSION = YES;
				CLANG_WARN_DIRECT_OBJC_ISA_USAGE = YES_ERROR;
				CLANG_WARN_EMPTY_BODY = YES;
				CLANG_WARN_ENUM_CONVERSION = YES;
				CLANG_WARN_INT_CONVERSION = YES;
				CLANG_WARN_OBJC_ROOT_CLASS = YES_ERROR;
				CLANG_WARN_UNREACHABLE_CODE = YES;
				CLANG_WARN__DUPLICATE_METHOD_MATCH = YES;
				"CODE_SIGN_IDENTITY[sdk=iphoneos*]" = "iPhone Developer";
				COPY_PHASE_STRIP = NO;
				DEBUG_INFORMATION_FORMAT = "dwarf-with-dsym";
				ENABLE_NS_ASSERTIONS = NO;
				ENABLE_STRICT_OBJC_MSGSEND = YES;
				GCC_C_LANGUAGE_STANDARD = gnu99;
				GCC_NO_COMMON_BLOCKS = YES;
				GCC_WARN_64_TO_32_BIT_CONVERSION = YES;
				GCC_WARN_ABOUT_RETURN_TYPE = YES_ERROR;
				GCC_WARN_UNDECLARED_SELECTOR = YES;
				GCC_WARN_UNINITIALIZED_AUTOS = YES_AGGRESSIVE;
				GCC_WARN_UNUSED_FUNCTION = YES;
				GCC_WARN_UNUSED_VARIABLE = YES;
				IPHONEOS_DEPLOYMENT_TARGET = 9.2;
				MTL_ENABLE_DEBUG_INFO = NO;
				SDKROOT = iphoneos;
				TARGETED_DEVICE_FAMILY = "1,2";
				VALIDATE_PRODUCT = YES;
			};
			name = Release;
		};
		5F7F07221C202523007B0B93 /* Debug */ = {
			isa = XCBuildConfiguration;
			buildSettings = {
				ASSETCATALOG_COMPILER_APPICON_NAME = AppIcon;
				CLANG_ENABLE_MODULES = YES;
				CODE_SIGN_IDENTITY = "iPhone Developer";
				EMBEDDED_CONTENT_CONTAINS_SWIFT = YES;
				INFOPLIST_FILE = MinDag/Info.plist;
				LD_RUNPATH_SEARCH_PATHS = "$(inherited) @executable_path/Frameworks";
				PRODUCT_BUNDLE_IDENTIFIER = no.uio.usit.MinDag;
				PRODUCT_NAME = MinDag;
				SWIFT_OPTIMIZATION_LEVEL = "-Onone";
			};
			name = Debug;
		};
		5F7F07231C202523007B0B93 /* Release */ = {
			isa = XCBuildConfiguration;
			buildSettings = {
				ASSETCATALOG_COMPILER_APPICON_NAME = AppIcon;
				CLANG_ENABLE_MODULES = YES;
				CODE_SIGN_IDENTITY = "iPhone Developer";
				EMBEDDED_CONTENT_CONTAINS_SWIFT = YES;
				INFOPLIST_FILE = MinDag/Info.plist;
				LD_RUNPATH_SEARCH_PATHS = "$(inherited) @executable_path/Frameworks";
				PRODUCT_BUNDLE_IDENTIFIER = no.uio.usit.MinDag;
				PRODUCT_NAME = MinDag;
			};
			name = Release;
		};
		5F7F07251C202523007B0B93 /* Debug */ = {
			isa = XCBuildConfiguration;
			buildSettings = {
				BUNDLE_LOADER = "$(TEST_HOST)";
				INFOPLIST_FILE = MathysTests/Info.plist;
				LD_RUNPATH_SEARCH_PATHS = "$(inherited) @executable_path/Frameworks @loader_path/Frameworks";
				PRODUCT_BUNDLE_IDENTIFIER = no.uio.usit.MathysTests;
				PRODUCT_NAME = MinDag;
				TEST_HOST = "$(BUILT_PRODUCTS_DIR)/MinDag.app/MinDag";
			};
			name = Debug;
		};
		5F7F07261C202523007B0B93 /* Release */ = {
			isa = XCBuildConfiguration;
			buildSettings = {
				BUNDLE_LOADER = "$(TEST_HOST)";
				INFOPLIST_FILE = MathysTests/Info.plist;
				LD_RUNPATH_SEARCH_PATHS = "$(inherited) @executable_path/Frameworks @loader_path/Frameworks";
				PRODUCT_BUNDLE_IDENTIFIER = no.uio.usit.MathysTests;
				PRODUCT_NAME = MinDag;
				TEST_HOST = "$(BUILT_PRODUCTS_DIR)/MinDag.app/MinDag";
			};
			name = Release;
		};
		5F7F07281C202523007B0B93 /* Debug */ = {
			isa = XCBuildConfiguration;
			buildSettings = {
				INFOPLIST_FILE = MathysUITests/Info.plist;
				LD_RUNPATH_SEARCH_PATHS = "$(inherited) @executable_path/Frameworks @loader_path/Frameworks";
				PRODUCT_BUNDLE_IDENTIFIER = no.uio.usit.MathysUITests;
				PRODUCT_NAME = MinDag;
				TEST_TARGET_NAME = Mathys;
				USES_XCTRUNNER = YES;
			};
			name = Debug;
		};
		5F7F07291C202523007B0B93 /* Release */ = {
			isa = XCBuildConfiguration;
			buildSettings = {
				INFOPLIST_FILE = MathysUITests/Info.plist;
				LD_RUNPATH_SEARCH_PATHS = "$(inherited) @executable_path/Frameworks @loader_path/Frameworks";
				PRODUCT_BUNDLE_IDENTIFIER = no.uio.usit.MathysUITests;
				PRODUCT_NAME = MinDag;
				TEST_TARGET_NAME = Mathys;
				USES_XCTRUNNER = YES;
			};
			name = Release;
		};
/* End XCBuildConfiguration section */

/* Begin XCConfigurationList section */
		5F7F06F41C202523007B0B93 /* Build configuration list for PBXProject "MinDag" */ = {
			isa = XCConfigurationList;
			buildConfigurations = (
				5F7F071F1C202523007B0B93 /* Debug */,
				5F7F07201C202523007B0B93 /* Release */,
			);
			defaultConfigurationIsVisible = 0;
			defaultConfigurationName = Release;
		};
		5F7F07211C202523007B0B93 /* Build configuration list for PBXNativeTarget "MinDag" */ = {
			isa = XCConfigurationList;
			buildConfigurations = (
				5F7F07221C202523007B0B93 /* Debug */,
				5F7F07231C202523007B0B93 /* Release */,
			);
			defaultConfigurationIsVisible = 0;
			defaultConfigurationName = Release;
		};
		5F7F07241C202523007B0B93 /* Build configuration list for PBXNativeTarget "MinDagTests" */ = {
			isa = XCConfigurationList;
			buildConfigurations = (
				5F7F07251C202523007B0B93 /* Debug */,
				5F7F07261C202523007B0B93 /* Release */,
			);
			defaultConfigurationIsVisible = 0;
			defaultConfigurationName = Release;
		};
		5F7F07271C202523007B0B93 /* Build configuration list for PBXNativeTarget "MinDagUITests" */ = {
			isa = XCConfigurationList;
			buildConfigurations = (
				5F7F07281C202523007B0B93 /* Debug */,
				5F7F07291C202523007B0B93 /* Release */,
			);
			defaultConfigurationIsVisible = 0;
			defaultConfigurationName = Release;
		};
/* End XCConfigurationList section */
	};
	rootObject = 5F7F06F11C202523007B0B93 /* Project object */;
}
